
Microsoft Visual Studio Solution File, Format Version 12.00
# Visual Studio Version 17
VisualStudioVersion = 17.4.33122.133
MinimumVisualStudioVersion = 10.0.40219.1
Project("{FAE04EC0-301F-11D3-BF4B-00C04F79EFBC}") = "ppj_css", "ppj_css.csproj", "{1372CFF2-329C-403D-958B-A95C45187CDA}"
EndProject
Global
	GlobalSection(SolutionConfigurationPlatforms) = preSolution
		Debug|Any CPU = Debug|Any CPU
		Release|Any CPU = Release|Any CPU
	EndGlobalSection
	GlobalSection(ProjectConfigurationPlatforms) = postSolution
		{1372CFF2-329C-403D-958B-A95C45187CDA}.Debug|Any CPU.ActiveCfg = Debug|Any CPU
		{1372CFF2-329C-403D-958B-A95C45187CDA}.Debug|Any CPU.Build.0 = Debug|Any CPU
		{1372CFF2-329C-403D-958B-A95C45187CDA}.Release|Any CPU.ActiveCfg = Release|Any CPU
		{1372CFF2-329C-403D-958B-A95C45187CDA}.Release|Any CPU.Build.0 = Release|Any CPU
	EndGlobalSection
	GlobalSection(SolutionProperties) = preSolution
		HideSolutionNode = FALSE
	EndGlobalSection
	GlobalSection(ExtensibilityGlobals) = postSolution
		SolutionGuid = {036917C7-4768-410D-AB15-D3B646097364}
	EndGlobalSection
EndGlobal
